{
  "name": "music-player",
  "version": "1.0.0",
  "lockfileVersion": 3,
  "requires": true,
  "packages": {
    "": {
      "name": "music-player",
      "version": "1.0.0",
      "license": "ISC",
      "dependencies": {
        "react-player": "^3.4.0"
      }
    },
    "node_modules/@mux/mux-data-google-ima": {
      "version": "0.3.15",
      "resolved": "https://registry.npmjs.org/@mux/mux-data-google-ima/-/mux-data-google-ima-0.3.15.tgz",
      "integrity": "sha512-5u5VIWI6V0urhrZzka3nZdCcVL/po2LxWO7lW3QHeWmCjpkudY+OmLqzdbLLcqEXHsURRM2+M6O2k6LNVFNnLw==",
      "license": "MIT",
      "dependencies": {
        "mux-embed": "5.17.10"
      }
    },
    "node_modules/@mux/mux-player": {
      "version": "3.11.5",
      "resolved": "https://registry.npmjs.org/@mux/mux-player/-/mux-player-3.11.5.tgz",
      "integrity": "sha512-VIgYxaTxmBQG4XkeLhV6DzUx+wPa3m3QkV2CFmf8CiilFIlFp4RC2sMA+XVchifBsR2HK72YKPP5ar20Hijgpw==",
      "license": "MIT",
      "dependencies": {
        "@mux/mux-video": "0.30.3",
        "@mux/playback-core": "0.33.2",
        "media-chrome": "~4.17.2",
        "player.style": "^0.3.0"
      }
    },
    "node_modules/@mux/mux-player-react": {
      "version": "3.11.5",
      "resolved": "https://registry.npmjs.org/@mux/mux-player-react/-/mux-player-react-3.11.5.tgz",
      "integrity": "sha512-Ijs6HP1JwFD+I48u6pkP6MUXCHxbk4zbtz0Dyo9OKg2Qr0Z3OZWZt8JzxCRQzOvhtIY5AG2z5fGsyT5H0+BYBA==",
      "license": "MIT",
      "dependencies": {
        "@mux/mux-player": "3.11.5",
        "@mux/playback-core": "0.33.2",
        "prop-types": "^15.8.1"
      },
      "peerDependencies": {
        "@types/react": "^17.0.0 || ^17.0.0-0 || ^18 || ^18.0.0-0 || ^19 || ^19.0.0-0",
        "react": "^17.0.2 || ^17.0.0-0 || ^18 || ^18.0.0-0 || ^19 || ^19.0.0-0",
        "react-dom": "^17.0.2 || ^17.0.2-0 || ^18 || ^18.0.0-0 || ^19 || ^19.0.0-0"
      },
      "peerDependenciesMeta": {
        "@types/react": {
          "optional": true
        },
        "@types/react-dom": {
          "optional": true
        }
      }
    },
    "node_modules/@mux/mux-video": {
      "version": "0.30.3",
      "resolved": "https://registry.npmjs.org/@mux/mux-video/-/mux-video-0.30.3.tgz",
      "integrity": "sha512-EHlv/AjcfQadZeASM7wjjGBlVVXjMa/UP+/cRqbojF6F5JlADfQAHsAtwAisIQ7uCHy3GmdE4EwEIWNv/YZ5kA==",
      "license": "MIT",
      "dependencies": {
        "@mux/mux-data-google-ima": "^0.3.4",
        "@mux/playback-core": "0.33.2",
        "castable-video": "~1.1.11",
        "custom-media-element": "~1.4.5",
        "media-tracks": "~0.3.4"
      }
    },
    "node_modules/@mux/playback-core": {
      "version": "0.33.2",
      "resolved": "https://registry.npmjs.org/@mux/playback-core/-/playback-core-0.33.2.tgz",
      "integrity": "sha512-4g8b92vuiSWXJ+4qEufGZYk6tInmJ8dJStTV4VO6Rub93l7d9vNEDR/nryMuSQ54g2fMHN57F/2fuVaiVdRgSg==",
      "license": "MIT",
      "dependencies": {
        "hls.js": "~1.6.15",
        "mux-embed": "^5.16.1"
      }
    },
    "node_modules/@svta/cml-608": {
      "version": "1.0.1",
      "resolved": "https://registry.npmjs.org/@svta/cml-608/-/cml-608-1.0.1.tgz",
      "integrity": "sha512-Y/Ier9VPUSOBnf0bJqdDyTlPrt4dDB+jk5mYHa1bnD2kcRl8qn7KkW3PRuj4w1aVN+BS2eHmsLxodt7P2hylUg==",
      "license": "Apache-2.0",
      "engines": {
        "node": ">=20"
      }
    },
    "node_modules/@svta/cml-cmcd": {
      "version": "1.0.1",
      "resolved": "https://registry.npmjs.org/@svta/cml-cmcd/-/cml-cmcd-1.0.1.tgz",
      "integrity": "sha512-eox305g+QUJgXqOLVrbgxeQHCgl90ewwQ9O2bIoo7m+hanR8Xswu5CknFnT5qqIbLOHfw80ug+raycoAFHTQ+w==",
      "license": "Apache-2.0",
      "engines": {
        "node": ">=20"
      },
      "peerDependencies": {
        "@svta/cml-cta": "1.0.1",
        "@svta/cml-structured-field-values": "1.0.1",
        "@svta/cml-utils": "1.0.1"
      }
    },
    "node_modules/@svta/cml-cmsd": {
      "version": "1.0.1",
      "resolved": "https://registry.npmjs.org/@svta/cml-cmsd/-/cml-cmsd-1.0.1.tgz",
      "integrity": "sha512-+nIB8PuSfb/qw+xGaArPhNqPm84tBJUbe3H1DnPL5QUsjSUI7mUIUQwAtRV1ZdEu0+80g9i0op79woB0OIwr/g==",
      "license": "Apache-2.0",
      "engines": {
        "node": ">=20"
      },
      "peerDependencies": {
        "@svta/cml-cta": "1.0.1",
        "@svta/cml-structured-field-values": "1.0.1",
        "@svta/cml-utils": "1.0.1"
      }
    },
    "node_modules/@svta/cml-cta": {
      "version": "1.0.1",
      "resolved": "https://registry.npmjs.org/@svta/cml-cta/-/cml-cta-1.0.1.tgz",
      "integrity": "sha512-jcXqNIPv26bmFxIOFh8/c3+6WLH4qBjKpq9qTQcggDPoHuV1YBydMsJLOnYPDeK8rNMKcAkFLbnDRvyJthu5yw==",
      "license": "Apache-2.0",
      "peer": true,
      "engines": {
        "node": ">=20"
      },
      "peerDependencies": {
        "@svta/cml-structured-field-values": "1.0.1",
        "@svta/cml-utils": "1.0.1"
      }
    },
    "node_modules/@svta/cml-dash": {
      "version": "1.0.1",
      "resolved": "https://registry.npmjs.org/@svta/cml-dash/-/cml-dash-1.0.1.tgz",
      "integrity": "sha512-lYnD1I7FUbbQND+xICI+kcRaRXuT+whKk27R8m8me5VMVu2sMsAMc7Yui6l9sxw2cBKt8pSETPYRm/1+n4LZkw==",
      "license": "Apache-2.0",
      "engines": {
        "node": ">=20"
      },
      "peerDependencies": {
        "@svta/cml-utils": "1.0.1"
      }
    },
    "node_modules/@svta/cml-id3": {
      "version": "1.0.1",
      "resolved": "https://registry.npmjs.org/@svta/cml-id3/-/cml-id3-1.0.1.tgz",
      "integrity": "sha512-90fGlL1qRI88CcaB89k6NG6cC3kky4Eu2jwqU4HefqK+S5k2OASUxf8JXkGz+DsdaiY7sh51vGPYdolfBZS7ug==",
      "license": "Apache-2.0",
      "engines": {
        "node": ">=20"
      },
      "peerDependencies": {
        "@svta/cml-utils": "1.0.1"
      }
    },
    "node_modules/@svta/cml-request": {
      "version": "1.0.1",
      "resolved": "https://registry.npmjs.org/@svta/cml-request/-/cml-request-1.0.1.tgz",
      "integrity": "sha512-enL19BuXUjFkDDDF9jdNwUclMNPRsagnjGAetVC7xcmpDMpEx+ZLgsDip6BFNg5p6izSEk/OyujTWW1r8bDNiA==",
      "license": "Apache-2.0",
      "engines": {
        "node": ">=20"
      },
      "peerDependencies": {
        "@svta/cml-utils": "1.0.1",
        "@svta/cml-xml": "1.0.1"
      }
    },
    "node_modules/@svta/cml-structured-field-values": {
      "version": "1.0.1",
      "resolved": "https://registry.npmjs.org/@svta/cml-structured-field-values/-/cml-structured-field-values-1.0.1.tgz",
      "integrity": "sha512-Kibciki59Pon3Pn/sl5uyrbJcSpZQDKqdCfDrokBvOdLoqqcd0oFrkEPsZBiuuIODX1CB80612xe8hopeFDyBA==",
      "license": "Apache-2.0",
      "peer": true,
      "engines": {
        "node": ">=20"
      },
      "peerDependencies": {
        "@svta/cml-utils": "1.0.1"
      }
    },
    "node_modules/@svta/cml-utils": {
      "version": "1.0.1",
      "resolved": "https://registry.npmjs.org/@svta/cml-utils/-/cml-utils-1.0.1.tgz",
      "integrity": "sha512-kso3curTJfp00I1mKFoBliBApjn4aPE+wF8cPucf7TrSDVWZDeLLuF14ASmUE9m7rnrqTTK4878VvmXaXcCCfQ==",
      "license": "Apache-2.0",
      "peer": true,
      "engines": {
        "node": ">=20"
      }
    },
    "node_modules/@svta/cml-xml": {
      "version": "1.0.1",
      "resolved": "https://registry.npmjs.org/@svta/cml-xml/-/cml-xml-1.0.1.tgz",
      "integrity": "sha512-11LkJa5kDEcsRMWkVI1ABH3KLCxGoiSVe4kQ293ItVj8ncTTQ7htmCGiJDjS+Cmy35UgF3e/vc0ysJIiWRTx2g==",
      "license": "Apache-2.0",
      "engines": {
        "node": ">=20"
      },
      "peerDependencies": {
        "@svta/cml-utils": "1.0.1"
      }
    },
    "node_modules/@types/react": {
      "version": "19.2.14",
      "resolved": "https://registry.npmjs.org/@types/react/-/react-19.2.14.tgz",
      "integrity": "sha512-ilcTH/UniCkMdtexkoCN0bI7pMcJDvmQFPvuPvmEaYA/NSfFTAgdUSLAoVjaRJm7+6PvcM+q1zYOwS4wTYMF9w==",
      "license": "MIT",
      "peer": true,
      "dependencies": {
        "csstype": "^3.2.2"
      }
    },
    "node_modules/@vimeo/player": {
      "version": "2.29.0",
      "resolved": "https://registry.npmjs.org/@vimeo/player/-/player-2.29.0.tgz",
      "integrity": "sha512-9JjvjeqUndb9otCCFd0/+2ESsLk7VkDE6sxOBy9iy2ukezuQbplVRi+g9g59yAurKofbmTi/KcKxBGO/22zWRw==",
      "license": "MIT",
      "dependencies": {
        "native-promise-only": "0.8.1",
        "weakmap-polyfill": "2.0.4"
      }
    },
    "node_modules/bcp-47": {
      "version": "2.1.0",
      "resolved": "https://registry.npmjs.org/bcp-47/-/bcp-47-2.1.0.tgz",
      "integrity": "sha512-9IIS3UPrvIa1Ej+lVDdDwO7zLehjqsaByECw0bu2RRGP73jALm6FYbzI5gWbgHLvNdkvfXB5YrSbocZdOS0c0w==",
      "license": "MIT",
      "dependencies": {
        "is-alphabetical": "^2.0.0",
        "is-alphanumerical": "^2.0.0",
        "is-decimal": "^2.0.0"
      },
      "funding": {
        "type": "github",
        "url": "https://github.com/sponsors/wooorm"
      }
    },
    "node_modules/bcp-47-match": {
      "version": "2.0.3",
      "resolved": "https://registry.npmjs.org/bcp-47-match/-/bcp-47-match-2.0.3.tgz",
      "integrity": "sha512-JtTezzbAibu8G0R9op9zb3vcWZd9JF6M0xOYGPn0fNCd7wOpRB1mU2mH9T8gaBGbAAyIIVgB2G7xG0GP98zMAQ==",
      "license": "MIT",
      "funding": {
        "type": "github",
        "url": "https://github.com/sponsors/wooorm"
      }
    },
    "node_modules/bcp-47-normalize": {
      "version": "2.3.0",
      "resolved": "https://registry.npmjs.org/bcp-47-normalize/-/bcp-47-normalize-2.3.0.tgz",
      "integrity": "sha512-8I/wfzqQvttUFz7HVJgIZ7+dj3vUaIyIxYXaTRP1YWoSDfzt6TUmxaKZeuXR62qBmYr+nvuWINFRl6pZ5DlN4Q==",
      "license": "MIT",
      "dependencies": {
        "bcp-47": "^2.0.0",
        "bcp-47-match": "^2.0.0"
      },
      "funding": {
        "type": "github",
        "url": "https://github.com/sponsors/wooorm"
      }
    },
    "node_modules/castable-video": {
      "version": "1.1.11",
      "resolved": "https://registry.npmjs.org/castable-video/-/castable-video-1.1.11.tgz",
      "integrity": "sha512-LCRTK6oe7SB1SiUQFzZCo6D6gcEzijqBTVIuj3smKpQdesXM18QTbCVqWgh9MfOeQgTx/i9ji5jGcdqNPeWg2g==",
      "license": "MIT",
      "dependencies": {
        "custom-media-element": "~1.4.5"
      }
    },
    "node_modules/ce-la-react": {
      "version": "0.3.2",
      "resolved": "https://registry.npmjs.org/ce-la-react/-/ce-la-react-0.3.2.tgz",
      "integrity": "sha512-QJ6k4lOD/btI08xG8jBPxRCGXvCnusGGkTsiXk0u3NqUu/W+BXRnFD4PYjwtqh8AWmGa5LDbGk0fLQsqr0nSMA==",
      "license": "BSD-3-Clause",
      "peerDependencies": {
        "react": ">=17.0.0"
      }
    },
    "node_modules/cloudflare-video-element": {
      "version": "1.3.5",
      "resolved": "https://registry.npmjs.org/cloudflare-video-element/-/cloudflare-video-element-1.3.5.tgz",
      "integrity": "sha512-zj9gjJa6xW8MNrfc4oKuwgGS0njRLpOlQjdifbuNxvy8k4Y3pKCyKCMG2XIsjd2iQGhgjS57b1P5VWdJlxcXBw==",
      "license": "MIT"
    },
    "node_modules/codem-isoboxer": {
      "version": "0.3.10",
      "resolved": "https://registry.npmjs.org/codem-isoboxer/-/codem-isoboxer-0.3.10.tgz",
      "integrity": "sha512-eNk3TRV+xQMJ1PEj0FQGY8KD4m0GPxT487XJ+Iftm7mVa9WpPFDMWqPt+46buiP5j5Wzqe5oMIhqBcAeKfygSA==",
      "license": "MIT"
    },
    "node_modules/csstype": {
      "version": "3.2.3",
      "resolved": "https://registry.npmjs.org/csstype/-/csstype-3.2.3.tgz",
      "integrity": "sha512-z1HGKcYy2xA8AGQfwrn0PAy+PB7X/GSj3UVJW9qKyn43xWa+gl5nXmU4qqLMRzWVLFC8KusUX8T/0kCiOYpAIQ==",
      "license": "MIT",
      "peer": true
    },
    "node_modules/custom-media-element": {
      "version": "1.4.5",
      "resolved": "https://registry.npmjs.org/custom-media-element/-/custom-media-element-1.4.5.tgz",
      "integrity": "sha512-cjrsQufETwxjvwZbYbKBCJNvmQ2++G9AvT45zDi7NXL9k2PdVcs2h0jQz96J6G4TMKRCcEsoJ+QTgQD00Igtjw==",
      "license": "MIT"
    },
    "node_modules/dash-video-element": {
      "version": "0.3.1",
      "resolved": "https://registry.npmjs.org/dash-video-element/-/dash-video-element-0.3.1.tgz",
      "integrity": "sha512-KSdCd6lqjum4LizHLtB2EGvaGr7YJU7SZekTTDHixRondaRNcm0t9W2V3I7/itNBzQwdDbC1cKkXryc8I8IViA==",
      "license": "MIT",
      "dependencies": {
        "custom-media-element": "^1.4.5",
        "dashjs": "^5.0.3",
        "media-tracks": "^0.3.4"
      }
    },
    "node_modules/dashjs": {
      "version": "5.1.1",
      "resolved": "https://registry.npmjs.org/dashjs/-/dashjs-5.1.1.tgz",
      "integrity": "sha512-BzNXlUgzEjhuZ5M5hlSp1qIyQHZ7NpXAR0loP9DAAFVZj/ntL1DHeZ7qp/L3bvI4rq50X5indkAZQ3zEHWJoCA==",
      "license": "BSD-3-Clause",
      "dependencies": {
        "@svta/cml-608": "1.0.1",
        "@svta/cml-cmcd": "1.0.1",
        "@svta/cml-cmsd": "1.0.1",
        "@svta/cml-dash": "1.0.1",
        "@svta/cml-id3": "1.0.1",
        "@svta/cml-request": "1.0.1",
        "@svta/cml-xml": "1.0.1",
        "bcp-47-match": "^2.0.3",
        "bcp-47-normalize": "^2.3.0",
        "codem-isoboxer": "0.3.10",
        "fast-deep-equal": "3.1.3",
        "html-entities": "^2.5.2",
        "imsc": "^1.1.5",
        "localforage": "^1.10.0",
        "path-browserify": "^1.0.1",
        "ua-parser-js": "^1.0.37"
      }
    },
    "node_modules/fast-deep-equal": {
      "version": "3.1.3",
      "resolved": "https://registry.npmjs.org/fast-deep-equal/-/fast-deep-equal-3.1.3.tgz",
      "integrity": "sha512-f3qQ9oQy9j2AhBe/H9VC91wLmKBCCU/gDOnKNAYG5hswO7BLKj09Hc5HYNz9cGI++xlpDCIgDaitVs03ATR84Q==",
      "license": "MIT"
    },
    "node_modules/hls-video-element": {
      "version": "1.5.10",
      "resolved": "https://registry.npmjs.org/hls-video-element/-/hls-video-element-1.5.10.tgz",
      "integrity": "sha512-FruzD03CaQlPlNKfXO1njPbo3jCSImAtFwX1OqgFbMllTQzdYqAHODiWan0q3mr1cYCONOWiAz2/nX+2qHHC+g==",
      "license": "MIT",
      "dependencies": {
        "custom-media-element": "^1.4.5",
        "hls.js": "^1.6.5",
        "media-tracks": "^0.3.4"
      }
    },
    "node_modules/hls.js": {
      "version": "1.6.15",
      "resolved": "https://registry.npmjs.org/hls.js/-/hls.js-1.6.15.tgz",
      "integrity": "sha512-E3a5VwgXimGHwpRGV+WxRTKeSp2DW5DI5MWv34ulL3t5UNmyJWCQ1KmLEHbYzcfThfXG8amBL+fCYPneGHC4VA==",
      "license": "Apache-2.0"
    },
    "node_modules/html-entities": {
      "version": "2.6.0",
      "resolved": "https://registry.npmjs.org/html-entities/-/html-entities-2.6.0.tgz",
      "integrity": "sha512-kig+rMn/QOVRvr7c86gQ8lWXq+Hkv6CbAH1hLu+RG338StTpE8Z0b44SDVaqVu7HGKf27frdmUYEs9hTUX/cLQ==",
      "funding": [
        {
          "type": "github",
          "url": "https://github.com/sponsors/mdevils"
        },
        {
          "type": "patreon",
          "url": "https://patreon.com/mdevils"
        }
      ],
      "license": "MIT"
    },
    "node_modules/immediate": {
      "version": "3.0.6",
      "resolved": "https://registry.npmjs.org/immediate/-/immediate-3.0.6.tgz",
      "integrity": "sha512-XXOFtyqDjNDAQxVfYxuF7g9Il/IbWmmlQg2MYKOH8ExIT1qg6xc4zyS3HaEEATgs1btfzxq15ciUiY7gjSXRGQ==",
      "license": "MIT"
    },
    "node_modules/imsc": {
      "version": "1.1.5",
      "resolved": "https://registry.npmjs.org/imsc/-/imsc-1.1.5.tgz",
      "integrity": "sha512-V8je+CGkcvGhgl2C1GlhqFFiUOIEdwXbXLiu1Fcubvvbo+g9inauqT3l0pNYXGoLPBj3jxtZz9t+wCopMkwadQ==",
      "license": "BSD-2-Clause",
      "dependencies": {
        "sax": "1.2.1"
      }
    },
    "node_modules/is-alphabetical": {
      "version": "2.0.1",
      "resolved": "https://registry.npmjs.org/is-alphabetical/-/is-alphabetical-2.0.1.tgz",
      "integrity": "sha512-FWyyY60MeTNyeSRpkM2Iry0G9hpr7/9kD40mD/cGQEuilcZYS4okz8SN2Q6rLCJ8gbCt6fN+rC+6tMGS99LaxQ==",
      "license": "MIT",
      "funding": {
        "type": "github",
        "url": "https://github.com/sponsors/wooorm"
      }
    },
    "node_modules/is-alphanumerical": {
      "version": "2.0.1",
      "resolved": "https://registry.npmjs.org/is-alphanumerical/-/is-alphanumerical-2.0.1.tgz",
      "integrity": "sha512-hmbYhX/9MUMF5uh7tOXyK/n0ZvWpad5caBA17GsC6vyuCqaWliRG5K1qS9inmUhEMaOBIW7/whAnSwveW/LtZw==",
      "license": "MIT",
      "dependencies": {
        "is-alphabetical": "^2.0.0",
        "is-decimal": "^2.0.0"
      },
      "funding": {
        "type": "github",
        "url": "https://github.com/sponsors/wooorm"
      }
    },
    "node_modules/is-decimal": {
      "version": "2.0.1",
      "resolved": "https://registry.npmjs.org/is-decimal/-/is-decimal-2.0.1.tgz",
      "integrity": "sha512-AAB9hiomQs5DXWcRB1rqsxGUstbRroFOPPVAomNk/3XHR5JyEZChOyTWe2oayKnsSsr/kcGqF+z6yuH6HHpN0A==",
      "license": "MIT",
      "funding": {
        "type": "github",
        "url": "https://github.com/sponsors/wooorm"
      }
    },
    "node_modules/js-tokens": {
      "version": "4.0.0",
      "resolved": "https://registry.npmjs.org/js-tokens/-/js-tokens-4.0.0.tgz",
      "integrity": "sha512-RdJUflcE3cUzKiMqQgsCu06FPu9UdIJO0beYbPhHN4k6apgJtifcoCtT9bcxOpYBtpD2kCM6Sbzg4CausW/PKQ==",
      "license": "MIT"
    },
    "node_modules/lie": {
      "version": "3.1.1",
      "resolved": "https://registry.npmjs.org/lie/-/lie-3.1.1.tgz",
      "integrity": "sha512-RiNhHysUjhrDQntfYSfY4MU24coXXdEOgw9WGcKHNeEwffDYbF//u87M1EWaMGzuFoSbqW0C9C6lEEhDOAswfw==",
      "license": "MIT",
      "dependencies": {
        "immediate": "~3.0.5"
      }
    },
    "node_modules/localforage": {
      "version": "1.10.0",
      "resolved": "https://registry.npmjs.org/localforage/-/localforage-1.10.0.tgz",
      "integrity": "sha512-14/H1aX7hzBBmmh7sGPd+AOMkkIrHM3Z1PAyGgZigA1H1p5O5ANnMyWzvpAETtG68/dC4pC0ncy3+PPGzXZHPg==",
      "license": "Apache-2.0",
      "dependencies": {
        "lie": "3.1.1"
      }
    },
    "node_modules/loose-envify": {
      "version": "1.4.0",
      "resolved": "https://registry.npmjs.org/loose-envify/-/loose-envify-1.4.0.tgz",
      "integrity": "sha512-lyuxPGr/Wfhrlem2CL/UcnUc1zcqKAImBDzukY7Y5F/yQiNdko6+fRLevlw1HgMySw7f611UIY408EtxRSoK3Q==",
      "license": "MIT",
      "dependencies": {
        "js-tokens": "^3.0.0 || ^4.0.0"
      },
      "bin": {
        "loose-envify": "cli.js"
      }
    },
    "node_modules/media-chrome": {
      "version": "4.17.2",
      "resolved": "https://registry.npmjs.org/media-chrome/-/media-chrome-4.17.2.tgz",
      "integrity": "sha512-o/IgiHx0tdSVwRxxqF5H12FK31A/A8T71sv3KdAvh7b6XeBS9dXwqvIFwlR9kdEuqg3n7xpmRIuL83rmYq8FTg==",
      "license": "MIT",
      "dependencies": {
        "ce-la-react": "^0.3.2"
      }
    },
    "node_modules/media-played-ranges-mixin": {
      "version": "0.1.0",
      "resolved": "https://registry.npmjs.org/media-played-ranges-mixin/-/media-played-ranges-mixin-0.1.0.tgz",
      "integrity": "sha512-zTsvkleu5sAyTsPVxDI+KUbCwy/lXwHgOPi3ER9S3lhtAWhGTQH6qxvfrVMym1cvoLU36SPbVr6Qe8Zxyc0WpA==",
      "license": "MIT"
    },
    "node_modules/media-tracks": {
      "version": "0.3.4",
      "resolved": "https://registry.npmjs.org/media-tracks/-/media-tracks-0.3.4.tgz",
      "integrity": "sha512-5SUElzGMYXA7bcyZBL1YzLTxH9Iyw1AeYNJxzByqbestrrtB0F3wfiWUr7aROpwodO4fwnxOt78Xjb3o3ONNQg==",
      "license": "MIT"
    },
    "node_modules/mux-embed": {
      "version": "5.17.10",
      "resolved": "https://registry.npmjs.org/mux-embed/-/mux-embed-5.17.10.tgz",
      "integrity": "sha512-i+eaoezVxIEliYGWPsjQztrWbA8A3Rzwqhwv1WGuRrl2npx85jFYJV5y+cjh7FASPOjT+7zJTYCJfxmcbgM7Hg==",
      "license": "MIT"
    },
    "node_modules/native-promise-only": {
      "version": "0.8.1",
      "resolved": "https://registry.npmjs.org/native-promise-only/-/native-promise-only-0.8.1.tgz",
      "integrity": "sha512-zkVhZUA3y8mbz652WrL5x0fB0ehrBkulWT3TomAQ9iDtyXZvzKeEA6GPxAItBYeNYl5yngKRX612qHOhvMkDeg==",
      "license": "MIT"
    },
    "node_modules/object-assign": {
      "version": "4.1.1",
      "resolved": "https://registry.npmjs.org/object-assign/-/object-assign-4.1.1.tgz",
      "integrity": "sha512-rJgTQnkUnH1sFw8yT6VSU3zD3sWmu6sZhIseY8VX+GRu3P6F7Fu+JNDoXfklElbLJSnc3FUQHVe4cU5hj+BcUg==",
      "license": "MIT",
      "engines": {
        "node": ">=0.10.0"
      }
    },
    "node_modules/path-browserify": {
      "version": "1.0.1",
      "resolved": "https://registry.npmjs.org/path-browserify/-/path-browserify-1.0.1.tgz",
      "integrity": "sha512-b7uo2UCUOYZcnF/3ID0lulOJi/bafxa1xPe7ZPsammBSpjSWQkjNxlt635YGS2MiR9GjvuXCtz2emr3jbsz98g==",
      "license": "MIT"
    },
    "node_modules/player.style": {
      "version": "0.3.1",
      "resolved": "https://registry.npmjs.org/player.style/-/player.style-0.3.1.tgz",
      "integrity": "sha512-z/T8hJGaTkHT9vdXgWdOgF37eB1FV7/j52VXQZ2lgEhpru9oT8TaUWIxp6GoxTnhPBM4X6nSbpkAHrT7UTjUKg==",
      "license": "MIT",
      "workspaces": [
        ".",
        "site",
        "examples/*",
        "scripts/*",
        "themes/*"
      ],
      "dependencies": {
        "media-chrome": "~4.16.1"
      }
    },
    "node_modules/player.style/node_modules/media-chrome": {
      "version": "4.16.1",
      "resolved": "https://registry.npmjs.org/media-chrome/-/media-chrome-4.16.1.tgz",
      "integrity": "sha512-qtFlsy0lNDVCyVo//ZCAfRPKwgehfOYp6rThZzDUuZ5ypv41yqUfAxK+P9TOs+XSVWXATPTT2WRV0fbW0BH4vQ==",
      "license": "MIT",
      "dependencies": {
        "ce-la-react": "^0.3.2"
      }
    },
    "node_modules/prop-types": {
      "version": "15.8.1",
      "resolved": "https://registry.npmjs.org/prop-types/-/prop-types-15.8.1.tgz",
      "integrity": "sha512-oj87CgZICdulUohogVAR7AjlC0327U4el4L6eAvOqCeudMDVU0NThNaV+b9Df4dXgSP1gXMTnPdhfe/2qDH5cg==",
      "license": "MIT",
      "dependencies": {
        "loose-envify": "^1.4.0",
        "object-assign": "^4.1.1",
        "react-is": "^16.13.1"
      }
    },
    "node_modules/react": {
      "version": "19.2.4",
      "resolved": "https://registry.npmjs.org/react/-/react-19.2.4.tgz",
      "integrity": "sha512-9nfp2hYpCwOjAN+8TZFGhtWEwgvWHXqESH8qT89AT/lWklpLON22Lc8pEtnpsZz7VmawabSU0gCjnj8aC0euHQ==",
      "license": "MIT",
      "peer": true,
      "engines": {
        "node": ">=0.10.0"
      }
    },
    "node_modules/react-dom": {
      "version": "19.2.4",
      "resolved": "https://registry.npmjs.org/react-dom/-/react-dom-19.2.4.tgz",
      "integrity": "sha512-AXJdLo8kgMbimY95O2aKQqsz2iWi9jMgKJhRBAxECE4IFxfcazB2LmzloIoibJI3C12IlY20+KFaLv+71bUJeQ==",
      "license": "MIT",
      "peer": true,
      "dependencies": {
        "scheduler": "^0.27.0"
      },
      "peerDependencies": {
        "react": "^19.2.4"
      }
    },
    "node_modules/react-is": {
      "version": "16.13.1",
      "resolved": "https://registry.npmjs.org/react-is/-/react-is-16.13.1.tgz",
      "integrity": "sha512-24e6ynE2H+OKt4kqsOvNd8kBpV65zoxbA4BVsEOB3ARVWQki/DHzaUoC5KuON/BiccDaCCTZBuOcfZs70kR8bQ==",
      "license": "MIT"
    },
    "node_modules/react-player": {
      "version": "3.4.0",
      "resolved": "https://registry.npmjs.org/react-player/-/react-player-3.4.0.tgz",
      "integrity": "sha512-QpQSHXtnMBKjQVNeaCYMtTVcynWQ0DDDhz/FJu1OR9PHLC1Aih94UqNstywzSHbJ6Oc7lI8/7kDDqcIvyTI6zQ==",
      "license": "MIT",
      "dependencies": {
        "@mux/mux-player-react": "^3.8.0",
        "cloudflare-video-element": "^1.3.4",
        "dash-video-element": "^0.3.0",
        "hls-video-element": "^1.5.9",
        "spotify-audio-element": "^1.0.3",
        "tiktok-video-element": "^0.1.1",
        "twitch-video-element": "^0.1.5",
        "vimeo-video-element": "^1.6.1",
        "wistia-video-element": "^1.3.5",
        "youtube-video-element": "^1.8.0"
      },
      "peerDependencies": {
        "@types/react": "^17.0.0 || ^18 || ^19",
        "react": "^17.0.2 || ^18 || ^19",
        "react-dom": "^17.0.2 || ^18 || ^19"
      }
    },
    "node_modules/sax": {
      "version": "1.2.1",
      "resolved": "https://registry.npmjs.org/sax/-/sax-1.2.1.tgz",
      "integrity": "sha512-8I2a3LovHTOpm7NV5yOyO8IHqgVsfK4+UuySrXU8YXkSRX7k6hCV9b3HrkKCr3nMpgj+0bmocaJJWpvp1oc7ZA==",
      "license": "ISC"
    },
    "node_modules/scheduler": {
      "version": "0.27.0",
      "resolved": "https://registry.npmjs.org/scheduler/-/scheduler-0.27.0.tgz",
      "integrity": "sha512-eNv+WrVbKu1f3vbYJT/xtiF5syA5HPIMtf9IgY/nKg0sWqzAUEvqY/xm7OcZc/qafLx/iO9FgOmeSAp4v5ti/Q==",
      "license": "MIT",
      "peer": true
    },
    "node_modules/spotify-audio-element": {
      "version": "1.0.4",
      "resolved": "https://registry.npmjs.org/spotify-audio-element/-/spotify-audio-element-1.0.4.tgz",
      "integrity": "sha512-QdKrJPkYCzaNwwz2vN2eDGyoW0KmQFmnwVprB41mpMzj4qujbqr6pegEchQeTn0b5PceKiLoVu0pp2QDpTcWnw==",
      "license": "MIT"
    },
    "node_modules/super-media-element": {
      "version": "1.4.2",
      "resolved": "https://registry.npmjs.org/super-media-element/-/super-media-element-1.4.2.tgz",
      "integrity": "sha512-9pP/CVNp4NF2MNlRzLwQkjiTgKKe9WYXrLh9+8QokWmMxz+zt2mf1utkWLco26IuA3AfVcTb//qtlTIjY3VHxA==",
      "license": "MIT"
    },
    "node_modules/tiktok-video-element": {
      "version": "0.1.2",
      "resolved": "https://registry.npmjs.org/tiktok-video-element/-/tiktok-video-element-0.1.2.tgz",
      "integrity": "sha512-w6TboLm236XJKKiIXIhCbYCnUxbixBbaAoty0etaEAZ/2kHkVIdfZdv2oouMU/HGMsWCHI/VjQ3wU3MJ+s192Q==",
      "license": "MIT"
    },
    "node_modules/twitch-video-element": {
      "version": "0.1.6",
      "resolved": "https://registry.npmjs.org/twitch-video-element/-/twitch-video-element-0.1.6.tgz",
      "integrity": "sha512-X7l8gy+DEFKJ/EztUwaVnAYwQN9fUJxPkOVJj2sE62sGvGU4DNLyvmOsmVulM+8Plc5dMg6hYIMNRAPaH+39Uw==",
      "license": "MIT"
    },
    "node_modules/ua-parser-js": {
      "version": "1.0.41",
      "resolved": "https://registry.npmjs.org/ua-parser-js/-/ua-parser-js-1.0.41.tgz",
      "integrity": "sha512-LbBDqdIC5s8iROCUjMbW1f5dJQTEFB1+KO9ogbvlb3nm9n4YHa5p4KTvFPWvh2Hs8gZMBuiB1/8+pdfe/tDPug==",
      "funding": [
        {
          "type": "opencollective",
          "url": "https://opencollective.com/ua-parser-js"
        },
        {
          "type": "paypal",
          "url": "https://paypal.me/faisalman"
        },
        {
          "type": "github",
          "url": "https://github.com/sponsors/faisalman"
        }
      ],
      "license": "MIT",
      "bin": {
        "ua-parser-js": "script/cli.js"
      },
      "engines": {
        "node": "*"
      }
    },
    "node_modules/vimeo-video-element": {
      "version": "1.7.0",
      "resolved": "https://registry.npmjs.org/vimeo-video-element/-/vimeo-video-element-1.7.0.tgz",
      "integrity": "sha512-UydSgi8svX7Iwd7yInAJVzcGKPv3E705sjCjnevQSNlJBmLcitx4aq0IBczopK6zw0OFJPWd8Qqby0Yflkz42w==",
      "license": "MIT",
      "dependencies": {
        "@vimeo/player": "2.29.0",
        "media-played-ranges-mixin": "^0.1.0"
      }
    },
    "node_modules/weakmap-polyfill": {
      "version": "2.0.4",
      "resolved": "https://registry.npmjs.org/weakmap-polyfill/-/weakmap-polyfill-2.0.4.tgz",
      "integrity": "sha512-ZzxBf288iALJseijWelmECm/1x7ZwQn3sMYIkDr2VvZp7r6SEKuT8D0O9Wiq6L9Nl5mazrOMcmiZE/2NCenaxw==",
      "license": "MIT",
      "engines": {
        "node": ">=8.10.0"
      }
    },
    "node_modules/wistia-video-element": {
      "version": "1.3.6",
      "resolved": "https://registry.npmjs.org/wistia-video-element/-/wistia-video-element-1.3.6.tgz",
      "integrity": "sha512-wPizIpXDaCs6fvDzhU3MBtEpxIqhgXlu00kSrKgmjPb5DRqZt927xZZjE1qm81Df40d445u4a/mRKX5I66zaYA==",
      "license": "MIT",
      "dependencies": {
        "super-media-element": "~1.4.2"
      }
    },
    "node_modules/youtube-video-element": {
      "version": "1.9.0",
      "resolved": "https://registry.npmjs.org/youtube-video-element/-/youtube-video-element-1.9.0.tgz",
      "integrity": "sha512-Hh0dbQM+FVlUaYUbpYkZNUvdKxTNcSNvTGzkQKYShltnX+LRHEp2eYvC2Zm43eU8Np+CBZuoNR2i+seCYzzAyg==",
      "license": "MIT",
      "dependencies": {
        "media-played-ranges-mixin": "^0.1.0"
      }
    }
  }
}
